// !$*UTF8*$!
{
	archiveVersion = 1;
	classes = {
	};
	objectVersion = 56;
	objects = {

/* Begin PBXBuildFile section */
		EF695F702C2D23CE009CF6AC /* AppDelegate.swift in Sources */ = {isa = PBXBuildFile; fileRef = EF695F6F2C2D23CE009CF6AC /* AppDelegate.swift */; };
		EF695F722C2D23CE009CF6AC /* SceneDelegate.swift in Sources */ = {isa = PBXBuildFile; fileRef = EF695F712C2D23CE009CF6AC /* SceneDelegate.swift */; };
		EF695F742C2D23CE009CF6AC /* ViewController.swift in Sources */ = {isa = PBXBuildFile; fileRef = EF695F732C2D23CE009CF6AC /* ViewController.swift */; };
		EF695F772C2D23CE009CF6AC /* Base in Resources */ = {isa = PBXBuildFile; fileRef = EF695F762C2D23CE009CF6AC /* Base */; };
		EF695F792C2D23D1009CF6AC /* Assets.xcassets in Resources */ = {isa = PBXBuildFile; fileRef = EF695F782C2D23D1009CF6AC /* Assets.xcassets */; };
		EF695F7C2C2D23D1009CF6AC /* Base in Resources */ = {isa = PBXBuildFile; fileRef = EF695F7B2C2D23D1009CF6AC /* Base */; };
		EF695F872C2D23D1009CF6AC /* TypeCheckAndCastingTests.swift in Sources */ = {isa = PBXBuildFile; fileRef = EF695F862C2D23D1009CF6AC /* TypeCheckAndCastingTests.swift */; };
		EF695F912C2D23D1009CF6AC /* TypeCheckAndCastingUITests.swift in Sources */ = {isa = PBXBuildFile; fileRef = EF695F902C2D23D1009CF6AC /* TypeCheckAndCastingUITests.swift */; };
		EF695F932C2D23D1009CF6AC /* TypeCheckAndCastingUITestsLaunchTests.swift in Sources */ = {isa = PBXBuildFile; fileRef = EF695F922C2D23D1009CF6AC /* TypeCheckAndCastingUITestsLaunchTests.swift */; };
		EF695FA02C2D2409009CF6AC /* Vehicle.swift in Sources */ = {isa = PBXBuildFile; fileRef = EF695F9F2C2D2409009CF6AC /* Vehicle.swift */; };
		EF695FA22C2D2424009CF6AC /* Car.swift in Sources */ = {isa = PBXBuildFile; fileRef = EF695FA12C2D2424009CF6AC /* Car.swift */; };
		EF695FA42C2D2434009CF6AC /* Bike.swift in Sources */ = {isa = PBXBuildFile; fileRef = EF695FA32C2D2434009CF6AC /* Bike.swift */; };
/* End PBXBuildFile section */

/* Begin PBXContainerItemProxy section */
		EF695F832C2D23D1009CF6AC /* PBXContainerItemProxy */ = {
			isa = PBXContainerItemProxy;
			containerPortal = EF695F642C2D23CE009CF6AC /* Project object */;
			proxyType = 1;
			remoteGlobalIDString = EF695F6B2C2D23CE009CF6AC;
			remoteInfo = TypeCheckAndCasting;
		};
		EF695F8D2C2D23D1009CF6AC /* PBXContainerItemProxy */ = {
			isa = PBXContainerItemProxy;
			containerPortal = EF695F642C2D23CE009CF6AC /* Project object */;
			proxyType = 1;
			remoteGlobalIDString = EF695F6B2C2D23CE009CF6AC;
			remoteInfo = TypeCheckAndCasting;
		};
/* End PBXContainerItemProxy section */

/* Begin PBXFileReference section */
		EF695F6C2C2D23CE009CF6AC /* TypeCheckAndCasting.app */ = {isa = PBXFileReference; explicitFileType = wrapper.application; includeInIndex = 0; path = TypeCheckAndCasting.app; sourceTree = BUILT_PRODUCTS_DIR; };
		EF695F6F2C2D23CE009CF6AC /* AppDelegate.swift */ = {isa = PBXFileReference; lastKnownFileType = sourcecode.swift; path = AppDelegate.swift; sourceTree = "<group>"; };
		EF695F712C2D23CE009CF6AC /* SceneDelegate.swift */ = {isa = PBXFileReference; lastKnownFileType = sourcecode.swift; path = SceneDelegate.swift; sourceTree = "<group>"; };
		EF695F732C2D23CE009CF6AC /* ViewController.swift */ = {isa = PBXFileReference; lastKnownFileType = sourcecode.swift; path = ViewController.swift; sourceTree = "<group>"; };
		EF695F762C2D23CE009CF6AC /* Base */ = {isa = PBXFileReference; lastKnownFileType = file.storyboard; name = Base; path = Base.lproj/Main.storyboard; sourceTree = "<group>"; };
		EF695F782C2D23D1009CF6AC /* Assets.xcassets */ = {isa = PBXFileReference; lastKnownFileType = folder.assetcatalog; path = Assets.xcassets; sourceTree = "<group>"; };
		EF695F7B2C2D23D1009CF6AC /* Base */ = {isa = PBXFileReference; lastKnownFileType = file.storyboard; name = Base; path = Base.lproj/LaunchScreen.storyboard; sourceTree = "<group>"; };
		EF695F7D2C2D23D1009CF6AC /* Info.plist */ = {isa = PBXFileReference; lastKnownFileType = text.plist.xml; path = Info.plist; sourceTree = "<group>"; };
		EF695F822C2D23D1009CF6AC /* TypeCheckAndCastingTests.xctest */ = {isa = PBXFileReference; explicitFileType = wrapper.cfbundle; includeInIndex = 0; path = TypeCheckAndCastingTests.xctest; sourceTree = BUILT_PRODUCTS_DIR; };
		EF695F862C2D23D1009CF6AC /* TypeCheckAndCastingTests.swift */ = {isa = PBXFileReference; lastKnownFileType = sourcecode.swift; path = TypeCheckAndCastingTests.swift; sourceTree = "<group>"; };
		EF695F8C2C2D23D1009CF6AC /* TypeCheckAndCastingUITests.xctest */ = {isa = PBXFileReference; explicitFileType = wrapper.cfbundle; includeInIndex = 0; path = TypeCheckAndCastingUITests.xctest; sourceTree = BUILT_PRODUCTS_DIR; };
		EF695F902C2D23D1009CF6AC /* TypeCheckAndCastingUITests.swift */ = {isa = PBXFileReference; lastKnownFileType = sourcecode.swift; path = TypeCheckAndCastingUITests.swift; sourceTree = "<group>"; };
		EF695F922C2D23D1009CF6AC /* TypeCheckAndCastingUITestsLaunchTests.swift */ = {isa = PBXFileReference; lastKnownFileType = sourcecode.swift; path = TypeCheckAndCastingUITestsLaunchTests.swift; sourceTree = "<group>"; };
		EF695F9F2C2D2409009CF6AC /* Vehicle.swift */ = {isa = PBXFileReference; lastKnownFileType = sourcecode.swift; path = Vehicle.swift; sourceTree = "<group>"; };
		EF695FA12C2D2424009CF6AC /* Car.swift */ = {isa = PBXFileReference; lastKnownFileType = sourcecode.swift; path = Car.swift; sourceTree = "<group>"; };
		EF695FA32C2D2434009CF6AC /* Bike.swift */ = {isa = PBXFileReference; lastKnownFileType = sourcecode.swift; path = Bike.swift; sourceTree = "<group>"; };
/* End PBXFileReference section */

/* Begin PBXFrameworksBuildPhase section */
		EF695F692C2D23CE009CF6AC /* Frameworks */ = {
			isa = PBXFrameworksBuildPhase;
			buildActionMask = 2147483647;
			files = (
			);
			runOnlyForDeploymentPostprocessing = 0;
		};
		EF695F7F2C2D23D1009CF6AC /* Frameworks */ = {
			isa = PBXFrameworksBuildPhase;
			buildActionMask = 2147483647;
			files = (
			);
			runOnlyForDeploymentPostprocessing = 0;
		};
		EF695F892C2D23D1009CF6AC /* Frameworks */ = {
			isa = PBXFrameworksBuildPhase;
			buildActionMask = 2147483647;
			files = (
			);
			runOnlyForDeploymentPostprocessing = 0;
		};
/* End PBXFrameworksBuildPhase section */

/* Begin PBXGroup section */
		EF695F632C2D23CE009CF6AC = {
			isa = PBXGroup;
			children = (
				EF695F6E2C2D23CE009CF6AC /* TypeCheckAndCasting */,
				EF695F852C2D23D1009CF6AC /* TypeCheckAndCastingTests */,
				EF695F8F2C2D23D1009CF6AC /* TypeCheckAndCastingUITests */,
				EF695F6D2C2D23CE009CF6AC /* Products */,
			);
			sourceTree = "<group>";
		};
		EF695F6D2C2D23CE009CF6AC /* Products */ = {
			isa = PBXGroup;
			children = (
				EF695F6C2C2D23CE009CF6AC /* TypeCheckAndCasting.app */,
				EF695F822C2D23D1009CF6AC /* TypeCheckAndCastingTests.xctest */,
				EF695F8C2C2D23D1009CF6AC /* TypeCheckAndCastingUITests.xctest */,
			);
			name = Products;
			sourceTree = "<group>";
		};
		EF695F6E2C2D23CE009CF6AC /* TypeCheckAndCasting */ = {
			isa = PBXGroup;
			children = (
				EF695F6F2C2D23CE009CF6AC /* AppDelegate.swift */,
				EF695F712C2D23CE009CF6AC /* SceneDelegate.swift */,
				EF695F732C2D23CE009CF6AC /* ViewController.swift */,
				EF695F9F2C2D2409009CF6AC /* Vehicle.swift */,
				EF695FA32C2D2434009CF6AC /* Bike.swift */,
				EF695FA12C2D2424009CF6AC /* Car.swift */,
				EF695F752C2D23CE009CF6AC /* Main.storyboard */,
				EF695F782C2D23D1009CF6AC /* Assets.xcassets */,
				EF695F7A2C2D23D1009CF6AC /* LaunchScreen.storyboard */,
				EF695F7D2C2D23D1009CF6AC /* Info.plist */,
			);
			path = TypeCheckAndCasting;
			sourceTree = "<group>";
		};
		EF695F852C2D23D1009CF6AC /* TypeCheckAndCastingTests */ = {
			isa = PBXGroup;
			children = (
				EF695F862C2D23D1009CF6AC /* TypeCheckAndCastingTests.swift */,
			);
			path = TypeCheckAndCastingTests;
			sourceTree = "<group>";
		};
		EF695F8F2C2D23D1009CF6AC /* TypeCheckAndCastingUITests */ = {
			isa = PBXGroup;
			children = (
				EF695F902C2D23D1009CF6AC /* TypeCheckAndCastingUITests.swift */,
				EF695F922C2D23D1009CF6AC /* TypeCheckAndCastingUITestsLaunchTests.swift */,
			);
			path = TypeCheckAndCastingUITests;
			sourceTree = "<group>";
		};
/* End PBXGroup section */

/* Begin PBXNativeTarget section */
		EF695F6B2C2D23CE009CF6AC /* TypeCheckAndCasting */ = {
			isa = PBXNativeTarget;
			buildConfigurationList = EF695F962C2D23D1009CF6AC /* Build configuration list for PBXNativeTarget "TypeCheckAndCasting" */;
			buildPhases = (
				EF695F682C2D23CE009CF6AC /* Sources */,
				EF695F692C2D23CE009CF6AC /* Frameworks */,
				EF695F6A2C2D23CE009CF6AC /* Resources */,
			);
			buildRules = (
			);
			dependencies = (
			);
			name = TypeCheckAndCasting;
			productName = TypeCheckAndCasting;
			productReference = EF695F6C2C2D23CE009CF6AC /* TypeCheckAndCasting.app */;
			productType = "com.apple.product-type.application";
		};
		EF695F812C2D23D1009CF6AC /* TypeCheckAndCastingTests */ = {
			isa = PBXNativeTarget;
			buildConfigurationList = EF695F992C2D23D1009CF6AC /* Build configuration list for PBXNativeTarget "TypeCheckAndCastingTests" */;
			buildPhases = (
				EF695F7E2C2D23D1009CF6AC /* Sources */,
				EF695F7F2C2D23D1009CF6AC /* Frameworks */,
				EF695F802C2D23D1009CF6AC /* Resources */,
			);
			buildRules = (
			);
			dependencies = (
				EF695F842C2D23D1009CF6AC /* PBXTargetDependency */,
			);
			name = TypeCheckAndCastingTests;
			productName = TypeCheckAndCastingTests;
			productReference = EF695F822C2D23D1009CF6AC /* TypeCheckAndCastingTests.xctest */;
			productType = "com.apple.product-type.bundle.unit-test";
		};
		EF695F8B2C2D23D1009CF6AC /* TypeCheckAndCastingUITests */ = {
			isa = PBXNativeTarget;
			buildConfigurationList = EF695F9C2C2D23D1009CF6AC /* Build configuration list for PBXNativeTarget "TypeCheckAndCastingUITests" */;
			buildPhases = (
				EF695F882C2D23D1009CF6AC /* Sources */,
				EF695F892C2D23D1009CF6AC /* Frameworks */,
				EF695F8A2C2D23D1009CF6AC /* Resources */,
			);
			buildRules = (
			);
			dependencies = (
				EF695F8E2C2D23D1009CF6AC /* PBXTargetDependency */,
			);
			name = TypeCheckAndCastingUITests;
			productName = TypeCheckAndCastingUITests;
			productReference = EF695F8C2C2D23D1009CF6AC /* TypeCheckAndCastingUITests.xctest */;
			productType = "com.apple.product-type.bundle.ui-testing";
		};
/* End PBXNativeTarget section */

/* Begin PBXProject section */
		EF695F642C2D23CE009CF6AC /* Project object */ = {
			isa = PBXProject;
			attributes = {
				BuildIndependentTargetsInParallel = 1;
				LastSwiftUpdateCheck = 1540;
				LastUpgradeCheck = 1540;
				TargetAttributes = {
					EF695F6B2C2D23CE009CF6AC = {
						CreatedOnToolsVersion = 15.4;
					};
					EF695F812C2D23D1009CF6AC = {
						CreatedOnToolsVersion = 15.4;
						TestTargetID = EF695F6B2C2D23CE009CF6AC;
					};
					EF695F8B2C2D23D1009CF6AC = {
						CreatedOnToolsVersion = 15.4;
						TestTargetID = EF695F6B2C2D23CE009CF6AC;
					};
				};
			};
			buildConfigurationList = EF695F672C2D23CE009CF6AC /* Build configuration list for PBXProject "TypeCheckAndCasting" */;
			compatibilityVersion = "Xcode 14.0";
			developmentRegion = en;
			hasScannedForEncodings = 0;
			knownRegions = (
				en,
				Base,
			);
			mainGroup = EF695F632C2D23CE009CF6AC;
			productRefGroup = EF695F6D2C2D23CE009CF6AC /* Products */;
			projectDirPath = "";
			projectRoot = "";
			targets = (
				EF695F6B2C2D23CE009CF6AC /* TypeCheckAndCasting */,
				EF695F812C2D23D1009CF6AC /* TypeCheckAndCastingTests */,
				EF695F8B2C2D23D1009CF6AC /* TypeCheckAndCastingUITests */,
			);
		};
/* End PBXProject section */

/* Begin PBXResourcesBuildPhase section */
		EF695F6A2C2D23CE009CF6AC /* Resources */ = {
			isa = PBXResourcesBuildPhase;
			buildActionMask = 2147483647;
			files = (
				EF695F792C2D23D1009CF6AC /* Assets.xcassets in Resources */,
				EF695F7C2C2D23D1009CF6AC /* Base in Resources */,
				EF695F772C2D23CE009CF6AC /* Base in Resources */,
			);
			runOnlyForDeploymentPostprocessing = 0;
		};
		EF695F802C2D23D1009CF6AC /* Resources */ = {
			isa = PBXResourcesBuildPhase;
			buildActionMask = 2147483647;
			files = (
			);
			runOnlyForDeploymentPostprocessing = 0;
		};
		EF695F8A2C2D23D1009CF6AC /* Resources */ = {
			isa = PBXResourcesBuildPhase;
			buildActionMask = 2147483647;
			files = (
			);
			runOnlyForDeploymentPostprocessing = 0;
		};
/* End PBXResourcesBuildPhase section */

/* Begin PBXSourcesBuildPhase section */
		EF695F682C2D23CE009CF6AC /* Sources */ = {
			isa = PBXSourcesBuildPhase;
			buildActionMask = 2147483647;
			files = (
				EF695FA02C2D2409009CF6AC /* Vehicle.swift in Sources */,
				EF695F742C2D23CE009CF6AC /* ViewController.swift in Sources */,
				EF695FA42C2D2434009CF6AC /* Bike.swift in Sources */,
				EF695FA22C2D2424009CF6AC /* Car.swift in Sources */,
				EF695F702C2D23CE009CF6AC /* AppDelegate.swift in Sources */,
				EF695F722C2D23CE009CF6AC /* SceneDelegate.swift in Sources */,
			);
			runOnlyForDeploymentPostprocessing = 0;
		};
		EF695F7E2C2D23D1009CF6AC /* Sources */ = {
			isa = PBXSourcesBuildPhase;
			buildActionMask = 2147483647;
			files = (
				EF695F872C2D23D1009CF6AC /* TypeCheckAndCastingTests.swift in Sources */,
			);
			runOnlyForDeploymentPostprocessing = 0;
		};
		EF695F882C2D23D1009CF6AC /* Sources */ = {
			isa = PBXSourcesBuildPhase;
			buildActionMask = 2147483647;
			files = (
				EF695F912C2D23D1009CF6AC /* TypeCheckAndCastingUITests.swift in Sources */,
				EF695F932C2D23D1009CF6AC /* TypeCheckAndCastingUITestsLaunchTests.swift in Sources */,
			);
			runOnlyForDeploymentPostprocessing = 0;
		};
/* End PBXSourcesBuildPhase section */

/* Begin PBXTargetDependency section */
		EF695F842C2D23D1009CF6AC /* PBXTargetDependency */ = {
			isa = PBXTargetDependency;
			target = EF695F6B2C2D23CE009CF6AC /* TypeCheckAndCasting */;
			targetProxy = EF695F832C2D23D1009CF6AC /* PBXContainerItemProxy */;
		};
		EF695F8E2C2D23D1009CF6AC /* PBXTargetDependency */ = {
			isa = PBXTargetDependency;
			target = EF695F6B2C2D23CE009CF6AC /* TypeCheckAndCasting */;
			targetProxy = EF695F8D2C2D23D1009CF6AC /* PBXContainerItemProxy */;
		};
/* End PBXTargetDependency section */

/* Begin PBXVariantGroup section */
		EF695F752C2D23CE009CF6AC /* Main.storyboard */ = {
			isa = PBXVariantGroup;
			children = (
				EF695F762C2D23CE009CF6AC /* Base */,
			);
			name = Main.storyboard;
			sourceTree = "<group>";
		};
		EF695F7A2C2D23D1009CF6AC /* LaunchScreen.storyboard */ = {
			isa = PBXVariantGroup;
			children = (
				EF695F7B2C2D23D1009CF6AC /* Base */,
			);
			name = LaunchScreen.storyboard;
			sourceTree = "<group>";
		};
/* End PBXVariantGroup section */

/* Begin XCBuildConfiguration section */
		EF695F942C2D23D1009CF6AC /* Debug */ = {
			isa = XCBuildConfiguration;
			buildSettings = {
				ALWAYS_SEARCH_USER_PATHS = NO;
				ASSETCATALOG_COMPILER_GENERATE_SWIFT_ASSET_SYMBOL_EXTENSIONS = YES;
				CLANG_ANALYZER_NONNULL = YES;
				CLANG_ANALYZER_NUMBER_OBJECT_CONVERSION = YES_AGGRESSIVE;
				CLANG_CXX_LANGUAGE_STANDARD = "gnu++20";
				CLANG_ENABLE_MODULES = YES;
				CLANG_ENABLE_OBJC_ARC = YES;
				CLANG_ENABLE_OBJC_WEAK = YES;
				CLANG_WARN_BLOCK_CAPTURE_AUTORELEASING = YES;
				CLANG_WARN_BOOL_CONVERSION = YES;
				CLANG_WARN_COMMA = YES;
				CLANG_WARN_CONSTANT_CONVERSION = YES;
				CLANG_WARN_DEPRECATED_OBJC_IMPLEMENTATIONS = YES;
				CLANG_WARN_DIRECT_OBJC_ISA_USAGE = YES_ERROR;
				CLANG_WARN_DOCUMENTATION_COMMENTS = YES;
				CLANG_WARN_EMPTY_BODY = YES;
				CLANG_WARN_ENUM_CONVERSION = YES;
				CLANG_WARN_INFINITE_RECURSION = YES;
				CLANG_WARN_INT_CONVERSION = YES;
				CLANG_WARN_NON_LITERAL_NULL_CONVERSION = YES;
				CLANG_WARN_OBJC_IMPLICIT_RETAIN_SELF = YES;
				CLANG_WARN_OBJC_LITERAL_CONVERSION = YES;
				CLANG_WARN_OBJC_ROOT_CLASS = YES_ERROR;
				CLANG_WARN_QUOTED_INCLUDE_IN_FRAMEWORK_HEADER = YES;
				CLANG_WARN_RANGE_LOOP_ANALYSIS = YES;
				CLANG_WARN_STRICT_PROTOTYPES = YES;
				CLANG_WARN_SUSPICIOUS_MOVE = YES;
				CLANG_WARN_UNGUARDED_AVAILABILITY = YES_AGGRESSIVE;
				CLANG_WARN_UNREACHABLE_CODE = YES;
				CLANG_WARN__DUPLICATE_METHOD_MATCH = YES;
				COPY_PHASE_STRIP = NO;
				DEBUG_INFORMATION_FORMAT = dwarf;
				ENABLE_STRICT_OBJC_MSGSEND = YES;
				ENABLE_TESTABILITY = YES;
				ENABLE_USER_SCRIPT_SANDBOXING = YES;
				GCC_C_LANGUAGE_STANDARD = gnu17;
				GCC_DYNAMIC_NO_PIC = NO;
				GCC_NO_COMMON_BLOCKS = YES;
				GCC_OPTIMIZATION_LEVEL = 0;
				GCC_PREPROCESSOR_DEFINITIONS = (
					"DEBUG=1",
					"$(inherited)",
				);
				GCC_WARN_64_TO_32_BIT_CONVERSION = YES;
				GCC_WARN_ABOUT_RETURN_TYPE = YES_ERROR;
				GCC_WARN_UNDECLARED_SELECTOR = YES;
				GCC_WARN_UNINITIALIZED_AUTOS = YES_AGGRESSIVE;
				GCC_WARN_UNUSED_FUNCTION = YES;
				GCC_WARN_UNUSED_VARIABLE = YES;
				IPHONEOS_DEPLOYMENT_TARGET = 17.5;
				LOCALIZATION_PREFERS_STRING_CATALOGS = YES;
				MTL_ENABLE_DEBUG_INFO = INCLUDE_SOURCE;
				MTL_FAST_MATH = YES;
				ONLY_ACTIVE_ARCH = YES;
				SDKROOT = iphoneos;
				SWIFT_ACTIVE_COMPILATION_CONDITIONS = "DEBUG $(inherited)";
				SWIFT_OPTIMIZATION_LEVEL = "-Onone";
			};
			name = Debug;
		};
		EF695F952C2D23D1009CF6AC /* Release */ = {
			isa = XCBuildConfiguration;
			buildSettings = {
				ALWAYS_SEARCH_USER_PATHS = NO;
				ASSETCATALOG_COMPILER_GENERATE_SWIFT_ASSET_SYMBOL_EXTENSIONS = YES;
				CLANG_ANALYZER_NONNULL = YES;
				CLANG_ANALYZER_NUMBER_OBJECT_CONVERSION = YES_AGGRESSIVE;
				CLANG_CXX_LANGUAGE_STANDARD = "gnu++20";
				CLANG_ENABLE_MODULES = YES;
				CLANG_ENABLE_OBJC_ARC = YES;
				CLANG_ENABLE_OBJC_WEAK = YES;
				CLANG_WARN_BLOCK_CAPTURE_AUTORELEASING = YES;
				CLANG_WARN_BOOL_CONVERSION = YES;
				CLANG_WARN_COMMA = YES;
				CLANG_WARN_CONSTANT_CONVERSION = YES;
				CLANG_WARN_DEPRECATED_OBJC_IMPLEMENTATIONS = YES;
				CLANG_WARN_DIRECT_OBJC_ISA_USAGE = YES_ERROR;
				CLANG_WARN_DOCUMENTATION_COMMENTS = YES;
				CLANG_WARN_EMPTY_BODY = YES;
				CLANG_WARN_ENUM_CONVERSION = YES;
				CLANG_WARN_INFINITE_RECURSION = YES;
				CLANG_WARN_INT_CONVERSION = YES;
				CLANG_WARN_NON_LITERAL_NULL_CONVERSION = YES;
				CLANG_WARN_OBJC_IMPLICIT_RETAIN_SELF = YES;
				CLANG_WARN_OBJC_LITERAL_CONVERSION = YES;
				CLANG_WARN_OBJC_ROOT_CLASS = YES_ERROR;
				CLANG_WARN_QUOTED_INCLUDE_IN_FRAMEWORK_HEADER = YES;
				CLANG_WARN_RANGE_LOOP_ANALYSIS = YES;
				CLANG_WARN_STRICT_PROTOTYPES = YES;
				CLANG_WARN_SUSPICIOUS_MOVE = YES;
				CLANG_WARN_UNGUARDED_AVAILABILITY = YES_AGGRESSIVE;
				CLANG_WARN_UNREACHABLE_CODE = YES;
				CLANG_WARN__DUPLICATE_METHOD_MATCH = YES;
				COPY_PHASE_STRIP = NO;
				DEBUG_INFORMATION_FORMAT = "dwarf-with-dsym";
				ENABLE_NS_ASSERTIONS = NO;
				ENABLE_STRICT_OBJC_MSGSEND = YES;
				ENABLE_USER_SCRIPT_SANDBOXING = YES;
				GCC_C_LANGUAGE_STANDARD = gnu17;
				GCC_NO_COMMON_BLOCKS = YES;
				GCC_WARN_64_TO_32_BIT_CONVERSION = YES;
				GCC_WARN_ABOUT_RETURN_TYPE = YES_ERROR;
				GCC_WARN_UNDECLARED_SELECTOR = YES;
				GCC_WARN_UNINITIALIZED_AUTOS = YES_AGGRESSIVE;
				GCC_WARN_UNUSED_FUNCTION = YES;
				GCC_WARN_UNUSED_VARIABLE = YES;
				IPHONEOS_DEPLOYMENT_TARGET = 17.5;
				LOCALIZATION_PREFERS_STRING_CATALOGS = YES;
				MTL_ENABLE_DEBUG_INFO = NO;
				MTL_FAST_MATH = YES;
				SDKROOT = iphoneos;
				SWIFT_COMPILATION_MODE = wholemodule;
				VALIDATE_PRODUCT = YES;
			};
			name = Release;
		};
		EF695F972C2D23D1009CF6AC /* Debug */ = {
			isa = XCBuildConfiguration;
			buildSettings = {
				ASSETCATALOG_COMPILER_APPICON_NAME = AppIcon;
				ASSETCATALOG_COMPILER_GLOBAL_ACCENT_COLOR_NAME = AccentColor;
				CODE_SIGN_STYLE = Automatic;
				CURRENT_PROJECT_VERSION = 1;
				GENERATE_INFOPLIST_FILE = YES;
				INFOPLIST_FILE = TypeCheckAndCasting/Info.plist;
				INFOPLIST_KEY_UIApplicationSupportsIndirectInputEvents = YES;
				INFOPLIST_KEY_UILaunchStoryboardName = LaunchScreen;
				INFOPLIST_KEY_UIMainStoryboardFile = Main;
				INFOPLIST_KEY_UISupportedInterfaceOrientations_iPad = "UIInterfaceOrientationPortrait UIInterfaceOrientationPortraitUpsideDown UIInterfaceOrientationLandscapeLeft UIInterfaceOrientationLandscapeRight";
				INFOPLIST_KEY_UISupportedInterfaceOrientations_iPhone = "UIInterfaceOrientationPortrait UIInterfaceOrientationLandscapeLeft UIInterfaceOrientationLandscapeRight";
				LD_RUNPATH_SEARCH_PATHS = (
					"$(inherited)",
					"@executable_path/Frameworks",
				);
				MARKETING_VERSION = 1.0;
				PRODUCT_BUNDLE_IDENTIFIER = com.sumit.TypeCheckAndCasting;
				PRODUCT_NAME = "$(TARGET_NAME)";
				SWIFT_EMIT_LOC_STRINGS = YES;
				SWIFT_VERSION = 5.0;
				TARGETED_DEVICE_FAMILY = "1,2";
			};
			name = Debug;
		};
		EF695F982C2D23D1009CF6AC /* Release */ = {
			isa = XCBuildConfiguration;
			buildSettings = {
				ASSETCATALOG_COMPILER_APPICON_NAME = AppIcon;
				ASSETCATALOG_COMPILER_GLOBAL_ACCENT_COLOR_NAME = AccentColor;
				CODE_SIGN_STYLE = Automatic;
				CURRENT_PROJECT_VERSION = 1;
				GENERATE_INFOPLIST_FILE = YES;
				INFOPLIST_FILE = TypeCheckAndCasting/Info.plist;
				INFOPLIST_KEY_UIApplicationSupportsIndirectInputEvents = YES;
				INFOPLIST_KEY_UILaunchStoryboardName = LaunchScreen;
				INFOPLIST_KEY_UIMainStoryboardFile = Main;
				INFOPLIST_KEY_UISupportedInterfaceOrientations_iPad = "UIInterfaceOrientationPortrait UIInterfaceOrientationPortraitUpsideDown UIInterfaceOrientationLandscapeLeft UIInterfaceOrientationLandscapeRight";
				INFOPLIST_KEY_UISupportedInterfaceOrientations_iPhone = "UIInterfaceOrientationPortrait UIInterfaceOrientationLandscapeLeft UIInterfaceOrientationLandscapeRight";
				LD_RUNPATH_SEARCH_PATHS = (
					"$(inherited)",
					"@executable_path/Frameworks",
				);
				MARKETING_VERSION = 1.0;
				PRODUCT_BUNDLE_IDENTIFIER = com.sumit.TypeCheckAndCasting;
				PRODUCT_NAME = "$(TARGET_NAME)";
				SWIFT_EMIT_LOC_STRINGS = YES;
				SWIFT_VERSION = 5.0;
				TARGETED_DEVICE_FAMILY = "1,2";
			};
			name = Release;
		};
		EF695F9A2C2D23D1009CF6AC /* Debug */ = {
			isa = XCBuildConfiguration;
			buildSettings = {
				ALWAYS_EMBED_SWIFT_STANDARD_LIBRARIES = YES;
				BUNDLE_LOADER = "$(TEST_HOST)";
				CODE_SIGN_STYLE = Automatic;
				CURRENT_PROJECT_VERSION = 1;
				GENERATE_INFOPLIST_FILE = YES;
				IPHONEOS_DEPLOYMENT_TARGET = 17.5;
				MARKETING_VERSION = 1.0;
				PRODUCT_BUNDLE_IDENTIFIER = com.sumit.TypeCheckAndCastingTests;
				PRODUCT_NAME = "$(TARGET_NAME)";
				SWIFT_EMIT_LOC_STRINGS = NO;
				SWIFT_VERSION = 5.0;
				TARGETED_DEVICE_FAMILY = "1,2";
				TEST_HOST = "$(BUILT_PRODUCTS_DIR)/TypeCheckAndCasting.app/$(BUNDLE_EXECUTABLE_FOLDER_PATH)/TypeCheckAndCasting";
			};
			name = Debug;
		};
		EF695F9B2C2D23D1009CF6AC /* Release */ = {
			isa = XCBuildConfiguration;
			buildSettings = {
				ALWAYS_EMBED_SWIFT_STANDARD_LIBRARIES = YES;
				BUNDLE_LOADER = "$(TEST_HOST)";
				CODE_SIGN_STYLE = Automatic;
				CURRENT_PROJECT_VERSION = 1;
				GENERATE_INFOPLIST_FILE = YES;
				IPHONEOS_DEPLOYMENT_TARGET = 17.5;
				MARKETING_VERSION = 1.0;
				PRODUCT_BUNDLE_IDENTIFIER = com.sumit.TypeCheckAndCastingTests;
				PRODUCT_NAME = "$(TARGET_NAME)";
				SWIFT_EMIT_LOC_STRINGS = NO;
				SWIFT_VERSION = 5.0;
				TARGETED_DEVICE_FAMILY = "1,2";
				TEST_HOST = "$(BUILT_PRODUCTS_DIR)/TypeCheckAndCasting.app/$(BUNDLE_EXECUTABLE_FOLDER_PATH)/TypeCheckAndCasting";
			};
			name = Release;
		};
		EF695F9D2C2D23D1009CF6AC /* Debug */ = {
			isa = XCBuildConfiguration;
			buildSettings = {
				ALWAYS_EMBED_SWIFT_STANDARD_LIBRARIES = YES;
				CODE_SIGN_STYLE = Automatic;
				CURRENT_PROJECT_VERSION = 1;
				GENERATE_INFOPLIST_FILE = YES;
				MARKETING_VERSION = 1.0;
				PRODUCT_BUNDLE_IDENTIFIER = com.sumit.TypeCheckAndCastingUITests;
				PRODUCT_NAME = "$(TARGET_NAME)";
				SWIFT_EMIT_LOC_STRINGS = NO;
				SWIFT_VERSION = 5.0;
				TARGETED_DEVICE_FAMILY = "1,2";
				TEST_TARGET_NAME = TypeCheckAndCasting;
			};
			name = Debug;
		};
		EF695F9E2C2D23D1009CF6AC /* Release */ = {
			isa = XCBuildConfiguration;
			buildSettings = {
				ALWAYS_EMBED_SWIFT_STANDARD_LIBRARIES = YES;
				CODE_SIGN_STYLE = Automatic;
				CURRENT_PROJECT_VERSION = 1;
				GENERATE_INFOPLIST_FILE = YES;
				MARKETING_VERSION = 1.0;
				PRODUCT_BUNDLE_IDENTIFIER = com.sumit.TypeCheckAndCastingUITests;
				PRODUCT_NAME = "$(TARGET_NAME)";
				SWIFT_EMIT_LOC_STRINGS = NO;
				SWIFT_VERSION = 5.0;
				TARGETED_DEVICE_FAMILY = "1,2";
				TEST_TARGET_NAME = TypeCheckAndCasting;
			};
			name = Release;
		};
/* End XCBuildConfiguration section */

/* Begin XCConfigurationList section */
		EF695F672C2D23CE009CF6AC /* Build configuration list for PBXProject "TypeCheckAndCasting" */ = {
			isa = XCConfigurationList;
			buildConfigurations = (
				EF695F942C2D23D1009CF6AC /* Debug */,
				EF695F952C2D23D1009CF6AC /* Release */,
			);
			defaultConfigurationIsVisible = 0;
			defaultConfigurationName = Release;
		};
		EF695F962C2D23D1009CF6AC /* Build configuration list for PBXNativeTarget "TypeCheckAndCasting" */ = {
			isa = XCConfigurationList;
			buildConfigurations = (
				EF695F972C2D23D1009CF6AC /* Debug */,
				EF695F982C2D23D1009CF6AC /* Release */,
			);
			defaultConfigurationIsVisible = 0;
			defaultConfigurationName = Release;
		};
		EF695F992C2D23D1009CF6AC /* Build configuration list for PBXNativeTarget "TypeCheckAndCastingTests" */ = {
			isa = XCConfigurationList;
			buildConfigurations = (
				EF695F9A2C2D23D1009CF6AC /* Debug */,
				EF695F9B2C2D23D1009CF6AC /* Release */,
			);
			defaultConfigurationIsVisible = 0;
			defaultConfigurationName = Release;
		};
		EF695F9C2C2D23D1009CF6AC /* Build configuration list for PBXNativeTarget "TypeCheckAndCastingUITests" */ = {
			isa = XCConfigurationList;
			buildConfigurations = (
				EF695F9D2C2D23D1009CF6AC /* Debug */,
				EF695F9E2C2D23D1009CF6AC /* Release */,
			);
			defaultConfigurationIsVisible = 0;
			defaultConfigurationName = Release;
		};
/* End XCConfigurationList section */
	};
	rootObject = EF695F642C2D23CE009CF6AC /* Project object */;
}
